
Microsoft Visual Studio Solution File, Format Version 12.00
# Visual Studio Version 16
VisualStudioVersion = 16.0.30907.101
MinimumVisualStudioVersion = 10.0.40219.1
Project("{FAE04EC0-301F-11D3-BF4B-00C04F79EFBC}") = "matvGit", "matvGit.csproj", "{C72859F6-7B43-4BA9-B0BE-D9F8F5EA2DE5}"
EndProject
Global
	GlobalSection(SolutionConfigurationPlatforms) = preSolution
		Debug|Any CPU = Debug|Any CPU
		Release|Any CPU = Release|Any CPU
	EndGlobalSection
	GlobalSection(ProjectConfigurationPlatforms) = postSolution
		{C72859F6-7B43-4BA9-B0BE-D9F8F5EA2DE5}.Debug|Any CPU.ActiveCfg = Debug|Any CPU
		{C72859F6-7B43-4BA9-B0BE-D9F8F5EA2DE5}.Debug|Any CPU.Build.0 = Debug|Any CPU
		{C72859F6-7B43-4BA9-B0BE-D9F8F5EA2DE5}.Release|Any CPU.ActiveCfg = Release|Any CPU
		{C72859F6-7B43-4BA9-B0BE-D9F8F5EA2DE5}.Release|Any CPU.Build.0 = Release|Any CPU
	EndGlobalSection
	GlobalSection(SolutionProperties) = preSolution
		HideSolutionNode = FALSE
	EndGlobalSection
	GlobalSection(ExtensibilityGlobals) = postSolution
		SolutionGuid = {C5450254-1318-442F-9A05-4D8E7860B046}
	EndGlobalSection
EndGlobal
